
Microsoft Visual Studio Solution File, Format Version 12.00
# Visual Studio Version 17
VisualStudioVersion = 17.3.32929.385
MinimumVisualStudioVersion = 10.0.40219.1
Project("{FAE04EC0-301F-11D3-BF4B-00C04F79EFBC}") = "Quizle", "Quizle\Quizle.csproj", "{0D9E668D-B6D3-474F-8004-6E5E2EF87323}"
EndProject
Project("{FAE04EC0-301F-11D3-BF4B-00C04F79EFBC}") = "Quizle.DB", "Quizle.DB\Quizle.DB.csproj", "{F4398333-1827-4CE9-8145-6F3D6A0D2831}"
EndProject
Global
	GlobalSection(SolutionConfigurationPlatforms) = preSolution
		Debug|Any CPU = Debug|Any CPU
		Release|Any CPU = Release|Any CPU
	EndGlobalSection
	GlobalSection(ProjectConfigurationPlatforms) = postSolution
		{0D9E668D-B6D3-474F-8004-6E5E2EF87323}.Debug|Any CPU.ActiveCfg = Debug|Any CPU
		{0D9E668D-B6D3-474F-8004-6E5E2EF87323}.Debug|Any CPU.Build.0 = Debug|Any CPU
		{0D9E668D-B6D3-474F-8004-6E5E2EF87323}.Release|Any CPU.ActiveCfg = Release|Any CPU
		{0D9E668D-B6D3-474F-8004-6E5E2EF87323}.Release|Any CPU.Build.0 = Release|Any CPU
		{F4398333-1827-4CE9-8145-6F3D6A0D2831}.Debug|Any CPU.ActiveCfg = Debug|Any CPU
		{F4398333-1827-4CE9-8145-6F3D6A0D2831}.Debug|Any CPU.Build.0 = Debug|Any CPU
		{F4398333-1827-4CE9-8145-6F3D6A0D2831}.Release|Any CPU.ActiveCfg = Release|Any CPU
		{F4398333-1827-4CE9-8145-6F3D6A0D2831}.Release|Any CPU.Build.0 = Release|Any CPU
	EndGlobalSection
	GlobalSection(SolutionProperties) = preSolution
		HideSolutionNode = FALSE
	EndGlobalSection
	GlobalSection(ExtensibilityGlobals) = postSolution
		SolutionGuid = {BD9284DF-5859-4EF4-840B-F15B6D7019CD}
	EndGlobalSection
EndGlobal
