
Microsoft Visual Studio Solution File, Format Version 12.00
# Visual Studio Version 17
VisualStudioVersion = 17.3.32929.385
MinimumVisualStudioVersion = 10.0.40219.1
Project("{9A19103F-16F7-4668-BE54-9A1E7A4F7556}") = "Quizle.Web", "Quizle\Quizle.Web.csproj", "{0D9E668D-B6D3-474F-8004-6E5E2EF87323}"
EndProject
Project("{9A19103F-16F7-4668-BE54-9A1E7A4F7556}") = "Quizle.DB", "Quizle.DB\Quizle.DB.csproj", "{F4398333-1827-4CE9-8145-6F3D6A0D2831}"
EndProject
Project("{9A19103F-16F7-4668-BE54-9A1E7A4F7556}") = "Quizle.Core.Questions", "Quizle.Core.Questions\Quizle.Core.Questions.csproj", "{B703C51D-A519-4E20-985A-4C2EF043D695}"
EndProject
Project("{2150E333-8FDC-42A3-9474-1A3956D46DE8}") = "Web", "Web", "{5A623AFB-B3DE-4F4A-AE27-8E2098FC20E4}"
EndProject
Project("{2150E333-8FDC-42A3-9474-1A3956D46DE8}") = "Core", "Core", "{9EA7F1AE-CE21-4275-BF64-1CFE64E94225}"
EndProject
Project("{2150E333-8FDC-42A3-9474-1A3956D46DE8}") = "DAL", "DAL", "{4E58711D-CDCD-4CB6-A503-68149E3C810F}"
EndProject
Global
	GlobalSection(SolutionConfigurationPlatforms) = preSolution
		Debug|Any CPU = Debug|Any CPU
		Release|Any CPU = Release|Any CPU
	EndGlobalSection
	GlobalSection(ProjectConfigurationPlatforms) = postSolution
		{0D9E668D-B6D3-474F-8004-6E5E2EF87323}.Debug|Any CPU.ActiveCfg = Debug|Any CPU
		{0D9E668D-B6D3-474F-8004-6E5E2EF87323}.Debug|Any CPU.Build.0 = Debug|Any CPU
		{0D9E668D-B6D3-474F-8004-6E5E2EF87323}.Release|Any CPU.ActiveCfg = Release|Any CPU
		{0D9E668D-B6D3-474F-8004-6E5E2EF87323}.Release|Any CPU.Build.0 = Release|Any CPU
		{F4398333-1827-4CE9-8145-6F3D6A0D2831}.Debug|Any CPU.ActiveCfg = Debug|Any CPU
		{F4398333-1827-4CE9-8145-6F3D6A0D2831}.Debug|Any CPU.Build.0 = Debug|Any CPU
		{F4398333-1827-4CE9-8145-6F3D6A0D2831}.Release|Any CPU.ActiveCfg = Release|Any CPU
		{F4398333-1827-4CE9-8145-6F3D6A0D2831}.Release|Any CPU.Build.0 = Release|Any CPU
		{B703C51D-A519-4E20-985A-4C2EF043D695}.Debug|Any CPU.ActiveCfg = Debug|Any CPU
		{B703C51D-A519-4E20-985A-4C2EF043D695}.Debug|Any CPU.Build.0 = Debug|Any CPU
		{B703C51D-A519-4E20-985A-4C2EF043D695}.Release|Any CPU.ActiveCfg = Release|Any CPU
		{B703C51D-A519-4E20-985A-4C2EF043D695}.Release|Any CPU.Build.0 = Release|Any CPU
	EndGlobalSection
	GlobalSection(SolutionProperties) = preSolution
		HideSolutionNode = FALSE
	EndGlobalSection
	GlobalSection(NestedProjects) = preSolution
		{0D9E668D-B6D3-474F-8004-6E5E2EF87323} = {5A623AFB-B3DE-4F4A-AE27-8E2098FC20E4}
		{F4398333-1827-4CE9-8145-6F3D6A0D2831} = {4E58711D-CDCD-4CB6-A503-68149E3C810F}
		{B703C51D-A519-4E20-985A-4C2EF043D695} = {9EA7F1AE-CE21-4275-BF64-1CFE64E94225}
	EndGlobalSection
	GlobalSection(ExtensibilityGlobals) = postSolution
		SolutionGuid = {BD9284DF-5859-4EF4-840B-F15B6D7019CD}
	EndGlobalSection
EndGlobal
